// !$*UTF8*$!
{
	archiveVersion = 1;
	classes = {
	};
	objectVersion = 46;
	objects = {

/* Begin PBXBuildFile section */
		470367A71BD57CA000655CC5 /* tile.m in Sources */ = {isa = PBXBuildFile; fileRef = 470367A61BD57CA000655CC5 /* tile.m */; };
		470367AA1BD5860200655CC5 /* CCPlayViewController.m in Sources */ = {isa = PBXBuildFile; fileRef = 470367A91BD5860200655CC5 /* CCPlayViewController.m */; };
		470367AD1BD589D800655CC5 /* CCResultViewController.m in Sources */ = {isa = PBXBuildFile; fileRef = 470367AC1BD589D800655CC5 /* CCResultViewController.m */; };
		47D306951BD10A1400D8B6E6 /* main.m in Sources */ = {isa = PBXBuildFile; fileRef = 47D306941BD10A1300D8B6E6 /* main.m */; };
		47D306981BD10A1400D8B6E6 /* AppDelegate.m in Sources */ = {isa = PBXBuildFile; fileRef = 47D306971BD10A1400D8B6E6 /* AppDelegate.m */; };
		47D3069B1BD10A1400D8B6E6 /* Luck_Meter.xcdatamodeld in Sources */ = {isa = PBXBuildFile; fileRef = 47D306991BD10A1400D8B6E6 /* Luck_Meter.xcdatamodeld */; };
		47D3069E1BD10A1400D8B6E6 /* CCViewController.m in Sources */ = {isa = PBXBuildFile; fileRef = 47D3069D1BD10A1400D8B6E6 /* CCViewController.m */; };
		47D306A11BD10A1400D8B6E6 /* Main.storyboard in Resources */ = {isa = PBXBuildFile; fileRef = 47D3069F1BD10A1400D8B6E6 /* Main.storyboard */; };
		47D306A31BD10A1400D8B6E6 /* Images.xcassets in Resources */ = {isa = PBXBuildFile; fileRef = 47D306A21BD10A1400D8B6E6 /* Images.xcassets */; };
		47D306A61BD10A1400D8B6E6 /* LaunchScreen.xib in Resources */ = {isa = PBXBuildFile; fileRef = 47D306A41BD10A1400D8B6E6 /* LaunchScreen.xib */; };
		47D306B21BD10A1400D8B6E6 /* Luck_MeterTests.m in Sources */ = {isa = PBXBuildFile; fileRef = 47D306B11BD10A1400D8B6E6 /* Luck_MeterTests.m */; };
		47D306BF1BD1657500D8B6E6 /* up.jpg in Resources */ = {isa = PBXBuildFile; fileRef = 47D306BB1BD1657500D8B6E6 /* up.jpg */; };
		47D306C01BD1657500D8B6E6 /* down.jpg in Resources */ = {isa = PBXBuildFile; fileRef = 47D306BC1BD1657500D8B6E6 /* down.jpg */; };
		47D306C11BD1657500D8B6E6 /* left.jpg in Resources */ = {isa = PBXBuildFile; fileRef = 47D306BD1BD1657500D8B6E6 /* left.jpg */; };
		47D306C21BD1657500D8B6E6 /* right.jpg in Resources */ = {isa = PBXBuildFile; fileRef = 47D306BE1BD1657500D8B6E6 /* right.jpg */; };
		47D306C41BD1670800D8B6E6 /* bg1.jpg in Resources */ = {isa = PBXBuildFile; fileRef = 47D306C31BD1670800D8B6E6 /* bg1.jpg */; };
		47D306C81BD177C800D8B6E6 /* bg3.jpg in Resources */ = {isa = PBXBuildFile; fileRef = 47D306C51BD177C800D8B6E6 /* bg3.jpg */; };
		47D306CA1BD177C800D8B6E6 /* boxes.jpg in Resources */ = {isa = PBXBuildFile; fileRef = 47D306C71BD177C800D8B6E6 /* boxes.jpg */; };
		47D306D01BD2409600D8B6E6 /* bg2.jpg in Resources */ = {isa = PBXBuildFile; fileRef = 47D306CF1BD2409600D8B6E6 /* bg2.jpg */; };
/* End PBXBuildFile section */

/* Begin PBXContainerItemProxy section */
		47D306AC1BD10A1400D8B6E6 /* PBXContainerItemProxy */ = {
			isa = PBXContainerItemProxy;
			containerPortal = 47D306871BD10A1300D8B6E6 /* Project object */;
			proxyType = 1;
			remoteGlobalIDString = 47D3068E1BD10A1300D8B6E6;
			remoteInfo = "Luck Meter";
		};
/* End PBXContainerItemProxy section */

/* Begin PBXFileReference section */
		470367A51BD57CA000655CC5 /* tile.h */ = {isa = PBXFileReference; fileEncoding = 4; lastKnownFileType = sourcecode.c.h; path = tile.h; sourceTree = "<group>"; };
		470367A61BD57CA000655CC5 /* tile.m */ = {isa = PBXFileReference; fileEncoding = 4; lastKnownFileType = sourcecode.c.objc; path = tile.m; sourceTree = "<group>"; };
		470367A81BD5860200655CC5 /* CCPlayViewController.h */ = {isa = PBXFileReference; fileEncoding = 4; lastKnownFileType = sourcecode.c.h; path = CCPlayViewController.h; sourceTree = "<group>"; };
		470367A91BD5860200655CC5 /* CCPlayViewController.m */ = {isa = PBXFileReference; fileEncoding = 4; lastKnownFileType = sourcecode.c.objc; path = CCPlayViewController.m; sourceTree = "<group>"; };
		470367AB1BD589D800655CC5 /* CCResultViewController.h */ = {isa = PBXFileReference; fileEncoding = 4; lastKnownFileType = sourcecode.c.h; path = CCResultViewController.h; sourceTree = "<group>"; };
		470367AC1BD589D800655CC5 /* CCResultViewController.m */ = {isa = PBXFileReference; fileEncoding = 4; lastKnownFileType = sourcecode.c.objc; path = CCResultViewController.m; sourceTree = "<group>"; };
		47D3068F1BD10A1300D8B6E6 /* Luck Meter.app */ = {isa = PBXFileReference; explicitFileType = wrapper.application; includeInIndex = 0; path = "Luck Meter.app"; sourceTree = BUILT_PRODUCTS_DIR; };
		47D306931BD10A1300D8B6E6 /* Info.plist */ = {isa = PBXFileReference; lastKnownFileType = text.plist.xml; path = Info.plist; sourceTree = "<group>"; };
		47D306941BD10A1300D8B6E6 /* main.m */ = {isa = PBXFileReference; lastKnownFileType = sourcecode.c.objc; path = main.m; sourceTree = "<group>"; };
		47D306961BD10A1400D8B6E6 /* AppDelegate.h */ = {isa = PBXFileReference; lastKnownFileType = sourcecode.c.h; path = AppDelegate.h; sourceTree = "<group>"; };
		47D306971BD10A1400D8B6E6 /* AppDelegate.m */ = {isa = PBXFileReference; lastKnownFileType = sourcecode.c.objc; path = AppDelegate.m; sourceTree = "<group>"; };
		47D3069A1BD10A1400D8B6E6 /* Luck_Meter.xcdatamodel */ = {isa = PBXFileReference; explicitFileType = wrapper.xcdatamodel; path = Luck_Meter.xcdatamodel; sourceTree = "<group>"; };
		47D3069C1BD10A1400D8B6E6 /* CCViewController.h */ = {isa = PBXFileReference; lastKnownFileType = sourcecode.c.h; path = CCViewController.h; sourceTree = "<group>"; };
		47D3069D1BD10A1400D8B6E6 /* CCViewController.m */ = {isa = PBXFileReference; lastKnownFileType = sourcecode.c.objc; path = CCViewController.m; sourceTree = "<group>"; };
		47D306A01BD10A1400D8B6E6 /* Base */ = {isa = PBXFileReference; lastKnownFileType = file.storyboard; name = Base; path = Base.lproj/Main.storyboard; sourceTree = "<group>"; };
		47D306A21BD10A1400D8B6E6 /* Images.xcassets */ = {isa = PBXFileReference; lastKnownFileType = folder.assetcatalog; path = Images.xcassets; sourceTree = "<group>"; };
		47D306A51BD10A1400D8B6E6 /* Base */ = {isa = PBXFileReference; lastKnownFileType = file.xib; name = Base; path = Base.lproj/LaunchScreen.xib; sourceTree = "<group>"; };
		47D306AB1BD10A1400D8B6E6 /* Luck MeterTests.xctest */ = {isa = PBXFileReference; explicitFileType = wrapper.cfbundle; includeInIndex = 0; path = "Luck MeterTests.xctest"; sourceTree = BUILT_PRODUCTS_DIR; };
		47D306B01BD10A1400D8B6E6 /* Info.plist */ = {isa = PBXFileReference; lastKnownFileType = text.plist.xml; path = Info.plist; sourceTree = "<group>"; };
		47D306B11BD10A1400D8B6E6 /* Luck_MeterTests.m */ = {isa = PBXFileReference; lastKnownFileType = sourcecode.c.objc; path = Luck_MeterTests.m; sourceTree = "<group>"; };
		47D306BB1BD1657500D8B6E6 /* up.jpg */ = {isa = PBXFileReference; lastKnownFileType = image.jpeg; path = up.jpg; sourceTree = "<group>"; };
		47D306BC1BD1657500D8B6E6 /* down.jpg */ = {isa = PBXFileReference; lastKnownFileType = image.jpeg; path = down.jpg; sourceTree = "<group>"; };
		47D306BD1BD1657500D8B6E6 /* left.jpg */ = {isa = PBXFileReference; lastKnownFileType = image.jpeg; path = left.jpg; sourceTree = "<group>"; };
		47D306BE1BD1657500D8B6E6 /* right.jpg */ = {isa = PBXFileReference; lastKnownFileType = image.jpeg; path = right.jpg; sourceTree = "<group>"; };
		47D306C31BD1670800D8B6E6 /* bg1.jpg */ = {isa = PBXFileReference; lastKnownFileType = image.jpeg; path = bg1.jpg; sourceTree = "<group>"; };
		47D306C51BD177C800D8B6E6 /* bg3.jpg */ = {isa = PBXFileReference; lastKnownFileType = image.jpeg; path = bg3.jpg; sourceTree = "<group>"; };
		47D306C71BD177C800D8B6E6 /* boxes.jpg */ = {isa = PBXFileReference; lastKnownFileType = image.jpeg; path = boxes.jpg; sourceTree = "<group>"; };
		47D306CF1BD2409600D8B6E6 /* bg2.jpg */ = {isa = PBXFileReference; lastKnownFileType = image.jpeg; path = bg2.jpg; sourceTree = "<group>"; };
/* End PBXFileReference section */

/* Begin PBXFrameworksBuildPhase section */
		47D3068C1BD10A1300D8B6E6 /* Frameworks */ = {
			isa = PBXFrameworksBuildPhase;
			buildActionMask = 2147483647;
			files = (
			);
			runOnlyForDeploymentPostprocessing = 0;
		};
		47D306A81BD10A1400D8B6E6 /* Frameworks */ = {
			isa = PBXFrameworksBuildPhase;
			buildActionMask = 2147483647;
			files = (
			);
			runOnlyForDeploymentPostprocessing = 0;
		};
/* End PBXFrameworksBuildPhase section */

/* Begin PBXGroup section */
		47D306861BD10A1300D8B6E6 = {
			isa = PBXGroup;
			children = (
				47D306911BD10A1300D8B6E6 /* Luck Meter */,
				47D306AE1BD10A1400D8B6E6 /* Luck MeterTests */,
				47D306901BD10A1300D8B6E6 /* Products */,
			);
			sourceTree = "<group>";
		};
		47D306901BD10A1300D8B6E6 /* Products */ = {
			isa = PBXGroup;
			children = (
				47D3068F1BD10A1300D8B6E6 /* Luck Meter.app */,
				47D306AB1BD10A1400D8B6E6 /* Luck MeterTests.xctest */,
			);
			name = Products;
			sourceTree = "<group>";
		};
		47D306911BD10A1300D8B6E6 /* Luck Meter */ = {
			isa = PBXGroup;
			children = (
				47D306961BD10A1400D8B6E6 /* AppDelegate.h */,
				47D306971BD10A1400D8B6E6 /* AppDelegate.m */,
				47D3069C1BD10A1400D8B6E6 /* CCViewController.h */,
				47D3069D1BD10A1400D8B6E6 /* CCViewController.m */,
				470367A81BD5860200655CC5 /* CCPlayViewController.h */,
				470367A91BD5860200655CC5 /* CCPlayViewController.m */,
				470367AB1BD589D800655CC5 /* CCResultViewController.h */,
				470367AC1BD589D800655CC5 /* CCResultViewController.m */,
				470367A51BD57CA000655CC5 /* tile.h */,
				470367A61BD57CA000655CC5 /* tile.m */,
				47D3069F1BD10A1400D8B6E6 /* Main.storyboard */,
				47D306A21BD10A1400D8B6E6 /* Images.xcassets */,
				47D306A41BD10A1400D8B6E6 /* LaunchScreen.xib */,
				47D306991BD10A1400D8B6E6 /* Luck_Meter.xcdatamodeld */,
				47D306921BD10A1300D8B6E6 /* Supporting Files */,
			);
			path = "Luck Meter";
			sourceTree = "<group>";
		};
		47D306921BD10A1300D8B6E6 /* Supporting Files */ = {
			isa = PBXGroup;
			children = (
				47D306C31BD1670800D8B6E6 /* bg1.jpg */,
				47D306BB1BD1657500D8B6E6 /* up.jpg */,
				47D306BC1BD1657500D8B6E6 /* down.jpg */,
				47D306BD1BD1657500D8B6E6 /* left.jpg */,
				47D306BE1BD1657500D8B6E6 /* right.jpg */,
				47D306CF1BD2409600D8B6E6 /* bg2.jpg */,
				47D306C51BD177C800D8B6E6 /* bg3.jpg */,
				47D306C71BD177C800D8B6E6 /* boxes.jpg */,
				47D306931BD10A1300D8B6E6 /* Info.plist */,
				47D306941BD10A1300D8B6E6 /* main.m */,
			);
			name = "Supporting Files";
			sourceTree = "<group>";
		};
		47D306AE1BD10A1400D8B6E6 /* Luck MeterTests */ = {
			isa = PBXGroup;
			children = (
				47D306B11BD10A1400D8B6E6 /* Luck_MeterTests.m */,
				47D306AF1BD10A1400D8B6E6 /* Supporting Files */,
			);
			path = "Luck MeterTests";
			sourceTree = "<group>";
		};
		47D306AF1BD10A1400D8B6E6 /* Supporting Files */ = {
			isa = PBXGroup;
			children = (
				47D306B01BD10A1400D8B6E6 /* Info.plist */,
			);
			name = "Supporting Files";
			sourceTree = "<group>";
		};
/* End PBXGroup section */

/* Begin PBXNativeTarget section */
		47D3068E1BD10A1300D8B6E6 /* Luck Meter */ = {
			isa = PBXNativeTarget;
			buildConfigurationList = 47D306B51BD10A1400D8B6E6 /* Build configuration list for PBXNativeTarget "Luck Meter" */;
			buildPhases = (
				47D3068B1BD10A1300D8B6E6 /* Sources */,
				47D3068C1BD10A1300D8B6E6 /* Frameworks */,
				47D3068D1BD10A1300D8B6E6 /* Resources */,
			);
			buildRules = (
			);
			dependencies = (
			);
			name = "Luck Meter";
			productName = "Luck Meter";
			productReference = 47D3068F1BD10A1300D8B6E6 /* Luck Meter.app */;
			productType = "com.apple.product-type.application";
		};
		47D306AA1BD10A1400D8B6E6 /* Luck MeterTests */ = {
			isa = PBXNativeTarget;
			buildConfigurationList = 47D306B81BD10A1400D8B6E6 /* Build configuration list for PBXNativeTarget "Luck MeterTests" */;
			buildPhases = (
				47D306A71BD10A1400D8B6E6 /* Sources */,
				47D306A81BD10A1400D8B6E6 /* Frameworks */,
				47D306A91BD10A1400D8B6E6 /* Resources */,
			);
			buildRules = (
			);
			dependencies = (
				47D306AD1BD10A1400D8B6E6 /* PBXTargetDependency */,
			);
			name = "Luck MeterTests";
			productName = "Luck MeterTests";
			productReference = 47D306AB1BD10A1400D8B6E6 /* Luck MeterTests.xctest */;
			productType = "com.apple.product-type.bundle.unit-test";
		};
/* End PBXNativeTarget section */

/* Begin PBXProject section */
		47D306871BD10A1300D8B6E6 /* Project object */ = {
			isa = PBXProject;
			attributes = {
				LastUpgradeCheck = 0710;
				ORGANIZATIONNAME = "VIGNESH SRINIVASAN";
				TargetAttributes = {
					47D3068E1BD10A1300D8B6E6 = {
						CreatedOnToolsVersion = 6.3.2;
					};
					47D306AA1BD10A1400D8B6E6 = {
						CreatedOnToolsVersion = 6.3.2;
						TestTargetID = 47D3068E1BD10A1300D8B6E6;
					};
				};
			};
			buildConfigurationList = 47D3068A1BD10A1300D8B6E6 /* Build configuration list for PBXProject "Luck Meter" */;
			compatibilityVersion = "Xcode 3.2";
			developmentRegion = English;
			hasScannedForEncodings = 0;
			knownRegions = (
				en,
				Base,
			);
			mainGroup = 47D306861BD10A1300D8B6E6;
			productRefGroup = 47D306901BD10A1300D8B6E6 /* Products */;
			projectDirPath = "";
			projectRoot = "";
			targets = (
				47D3068E1BD10A1300D8B6E6 /* Luck Meter */,
				47D306AA1BD10A1400D8B6E6 /* Luck MeterTests */,
			);
		};
/* End PBXProject section */

/* Begin PBXResourcesBuildPhase section */
		47D3068D1BD10A1300D8B6E6 /* Resources */ = {
			isa = PBXResourcesBuildPhase;
			buildActionMask = 2147483647;
			files = (
				47D306C41BD1670800D8B6E6 /* bg1.jpg in Resources */,
				47D306A11BD10A1400D8B6E6 /* Main.storyboard in Resources */,
				47D306C01BD1657500D8B6E6 /* down.jpg in Resources */,
				47D306C81BD177C800D8B6E6 /* bg3.jpg in Resources */,
				47D306A61BD10A1400D8B6E6 /* LaunchScreen.xib in Resources */,
				47D306CA1BD177C800D8B6E6 /* boxes.jpg in Resources */,
				47D306D01BD2409600D8B6E6 /* bg2.jpg in Resources */,
				47D306BF1BD1657500D8B6E6 /* up.jpg in Resources */,
				47D306C11BD1657500D8B6E6 /* left.jpg in Resources */,
				47D306A31BD10A1400D8B6E6 /* Images.xcassets in Resources */,
				47D306C21BD1657500D8B6E6 /* right.jpg in Resources */,
			);
			runOnlyForDeploymentPostprocessing = 0;
		};
		47D306A91BD10A1400D8B6E6 /* Resources */ = {
			isa = PBXResourcesBuildPhase;
			buildActionMask = 2147483647;
			files = (
			);
			runOnlyForDeploymentPostprocessing = 0;
		};
/* End PBXResourcesBuildPhase section */

/* Begin PBXSourcesBuildPhase section */
		47D3068B1BD10A1300D8B6E6 /* Sources */ = {
			isa = PBXSourcesBuildPhase;
			buildActionMask = 2147483647;
			files = (
				470367AD1BD589D800655CC5 /* CCResultViewController.m in Sources */,
				470367A71BD57CA000655CC5 /* tile.m in Sources */,
				47D306981BD10A1400D8B6E6 /* AppDelegate.m in Sources */,
				47D3069B1BD10A1400D8B6E6 /* Luck_Meter.xcdatamodeld in Sources */,
				47D3069E1BD10A1400D8B6E6 /* CCViewController.m in Sources */,
				470367AA1BD5860200655CC5 /* CCPlayViewController.m in Sources */,
				47D306951BD10A1400D8B6E6 /* main.m in Sources */,
			);
			runOnlyForDeploymentPostprocessing = 0;
		};
		47D306A71BD10A1400D8B6E6 /* Sources */ = {
			isa = PBXSourcesBuildPhase;
			buildActionMask = 2147483647;
			files = (
				47D306B21BD10A1400D8B6E6 /* Luck_MeterTests.m in Sources */,
			);
			runOnlyForDeploymentPostprocessing = 0;
		};
/* End PBXSourcesBuildPhase section */

/* Begin PBXTargetDependency section */
		47D306AD1BD10A1400D8B6E6 /* PBXTargetDependency */ = {
			isa = PBXTargetDependency;
			target = 47D3068E1BD10A1300D8B6E6 /* Luck Meter */;
			targetProxy = 47D306AC1BD10A1400D8B6E6 /* PBXContainerItemProxy */;
		};
/* End PBXTargetDependency section */

/* Begin PBXVariantGroup section */
		47D3069F1BD10A1400D8B6E6 /* Main.storyboard */ = {
			isa = PBXVariantGroup;
			children = (
				47D306A01BD10A1400D8B6E6 /* Base */,
			);
			name = Main.storyboard;
			sourceTree = "<group>";
		};
		47D306A41BD10A1400D8B6E6 /* LaunchScreen.xib */ = {
			isa = PBXVariantGroup;
			children = (
				47D306A51BD10A1400D8B6E6 /* Base */,
			);
			name = LaunchScreen.xib;
			sourceTree = "<group>";
		};
/* End PBXVariantGroup section */

/* Begin XCBuildConfiguration section */
		47D306B31BD10A1400D8B6E6 /* Debug */ = {
			isa = XCBuildConfiguration;
			buildSettings = {
				ALWAYS_SEARCH_USER_PATHS = NO;
				CLANG_CXX_LANGUAGE_STANDARD = "gnu++0x";
				CLANG_CXX_LIBRARY = "libc++";
				CLANG_ENABLE_MODULES = YES;
				CLANG_ENABLE_OBJC_ARC = YES;
				CLANG_WARN_BOOL_CONVERSION = YES;
				CLANG_WARN_CONSTANT_CONVERSION = YES;
				CLANG_WARN_DIRECT_OBJC_ISA_USAGE = YES_ERROR;
				CLANG_WARN_EMPTY_BODY = YES;
				CLANG_WARN_ENUM_CONVERSION = YES;
				CLANG_WARN_INT_CONVERSION = YES;
				CLANG_WARN_OBJC_ROOT_CLASS = YES_ERROR;
				CLANG_WARN_UNREACHABLE_CODE = YES;
				CLANG_WARN__DUPLICATE_METHOD_MATCH = YES;
				"CODE_SIGN_IDENTITY[sdk=iphoneos*]" = "iPhone Developer";
				COPY_PHASE_STRIP = NO;
				DEBUG_INFORMATION_FORMAT = "dwarf-with-dsym";
				ENABLE_STRICT_OBJC_MSGSEND = YES;
				ENABLE_TESTABILITY = YES;
				GCC_C_LANGUAGE_STANDARD = gnu99;
				GCC_DYNAMIC_NO_PIC = NO;
				GCC_NO_COMMON_BLOCKS = YES;
				GCC_OPTIMIZATION_LEVEL = 0;
				GCC_PREPROCESSOR_DEFINITIONS = (
					"DEBUG=1",
					"$(inherited)",
				);
				GCC_SYMBOLS_PRIVATE_EXTERN = NO;
				GCC_WARN_64_TO_32_BIT_CONVERSION = YES;
				GCC_WARN_ABOUT_RETURN_TYPE = YES_ERROR;
				GCC_WARN_UNDECLARED_SELECTOR = YES;
				GCC_WARN_UNINITIALIZED_AUTOS = YES_AGGRESSIVE;
				GCC_WARN_UNUSED_FUNCTION = YES;
				GCC_WARN_UNUSED_VARIABLE = YES;
				IPHONEOS_DEPLOYMENT_TARGET = 8.3;
				MTL_ENABLE_DEBUG_INFO = YES;
				ONLY_ACTIVE_ARCH = YES;
				SDKROOT = iphoneos;
				TARGETED_DEVICE_FAMILY = "1,2";
			};
			name = Debug;
		};
		47D306B41BD10A1400D8B6E6 /* Release */ = {
			isa = XCBuildConfiguration;
			buildSettings = {
				ALWAYS_SEARCH_USER_PATHS = NO;
				CLANG_CXX_LANGUAGE_STANDARD = "gnu++0x";
				CLANG_CXX_LIBRARY = "libc++";
				CLANG_ENABLE_MODULES = YES;
				CLANG_ENABLE_OBJC_ARC = YES;
				CLANG_WARN_BOOL_CONVERSION = YES;
				CLANG_WARN_CONSTANT_CONVERSION = YES;
				CLANG_WARN_DIRECT_OBJC_ISA_USAGE = YES_ERROR;
				CLANG_WARN_EMPTY_BODY = YES;
				CLANG_WARN_ENUM_CONVERSION = YES;
				CLANG_WARN_INT_CONVERSION = YES;
				CLANG_WARN_OBJC_ROOT_CLASS = YES_ERROR;
				CLANG_WARN_UNREACHABLE_CODE = YES;
				CLANG_WARN__DUPLICATE_METHOD_MATCH = YES;
				"CODE_SIGN_IDENTITY[sdk=iphoneos*]" = "iPhone Developer";
				COPY_PHASE_STRIP = NO;
				DEBUG_INFORMATION_FORMAT = "dwarf-with-dsym";
				ENABLE_NS_ASSERTIONS = NO;
				ENABLE_STRICT_OBJC_MSGSEND = YES;
				GCC_C_LANGUAGE_STANDARD = gnu99;
				GCC_NO_COMMON_BLOCKS = YES;
				GCC_WARN_64_TO_32_BIT_CONVERSION = YES;
				GCC_WARN_ABOUT_RETURN_TYPE = YES_ERROR;
				GCC_WARN_UNDECLARED_SELECTOR = YES;
				GCC_WARN_UNINITIALIZED_AUTOS = YES_AGGRESSIVE;
				GCC_WARN_UNUSED_FUNCTION = YES;
				GCC_WARN_UNUSED_VARIABLE = YES;
				IPHONEOS_DEPLOYMENT_TARGET = 8.3;
				MTL_ENABLE_DEBUG_INFO = NO;
				SDKROOT = iphoneos;
				TARGETED_DEVICE_FAMILY = "1,2";
				VALIDATE_PRODUCT = YES;
			};
			name = Release;
		};
		47D306B61BD10A1400D8B6E6 /* Debug */ = {
			isa = XCBuildConfiguration;
			buildSettings = {
				ASSETCATALOG_COMPILER_APPICON_NAME = AppIcon;
				INFOPLIST_FILE = "Luck Meter/Info.plist";
				LD_RUNPATH_SEARCH_PATHS = "$(inherited) @executable_path/Frameworks";
				PRODUCT_BUNDLE_IDENTIFIER = "com.$(PRODUCT_NAME:rfc1034identifier)";
				PRODUCT_NAME = "$(TARGET_NAME)";
			};
			name = Debug;
		};
		47D306B71BD10A1400D8B6E6 /* Release */ = {
			isa = XCBuildConfiguration;
			buildSettings = {
				ASSETCATALOG_COMPILER_APPICON_NAME = AppIcon;
				INFOPLIST_FILE = "Luck Meter/Info.plist";
				LD_RUNPATH_SEARCH_PATHS = "$(inherited) @executable_path/Frameworks";
				PRODUCT_BUNDLE_IDENTIFIER = "com.$(PRODUCT_NAME:rfc1034identifier)";
				PRODUCT_NAME = "$(TARGET_NAME)";
			};
			name = Release;
		};
		47D306B91BD10A1400D8B6E6 /* Debug */ = {
			isa = XCBuildConfiguration;
			buildSettings = {
				BUNDLE_LOADER = "$(TEST_HOST)";
				FRAMEWORK_SEARCH_PATHS = (
					"$(SDKROOT)/Developer/Library/Frameworks",
					"$(inherited)",
				);
				GCC_PREPROCESSOR_DEFINITIONS = (
					"DEBUG=1",
					"$(inherited)",
				);
				INFOPLIST_FILE = "Luck MeterTests/Info.plist";
				LD_RUNPATH_SEARCH_PATHS = "$(inherited) @executable_path/Frameworks @loader_path/Frameworks";
				PRODUCT_BUNDLE_IDENTIFIER = "com.$(PRODUCT_NAME:rfc1034identifier)";
				PRODUCT_NAME = "$(TARGET_NAME)";
				TEST_HOST = "$(BUILT_PRODUCTS_DIR)/Luck Meter.app/Luck Meter";
			};
			name = Debug;
		};
		47D306BA1BD10A1400D8B6E6 /* Release */ = {
			isa = XCBuildConfiguration;
			buildSettings = {
				BUNDLE_LOADER = "$(TEST_HOST)";
				FRAMEWORK_SEARCH_PATHS = (
					"$(SDKROOT)/Developer/Library/Frameworks",
					"$(inherited)",
				);
				INFOPLIST_FILE = "Luck MeterTests/Info.plist";
				LD_RUNPATH_SEARCH_PATHS = "$(inherited) @executable_path/Frameworks @loader_path/Frameworks";
				PRODUCT_BUNDLE_IDENTIFIER = "com.$(PRODUCT_NAME:rfc1034identifier)";
				PRODUCT_NAME = "$(TARGET_NAME)";
				TEST_HOST = "$(BUILT_PRODUCTS_DIR)/Luck Meter.app/Luck Meter";
			};
			name = Release;
		};
/* End XCBuildConfiguration section */

/* Begin XCConfigurationList section */
		47D3068A1BD10A1300D8B6E6 /* Build configuration list for PBXProject "Luck Meter" */ = {
			isa = XCConfigurationList;
			buildConfigurations = (
				47D306B31BD10A1400D8B6E6 /* Debug */,
				47D306B41BD10A1400D8B6E6 /* Release */,
			);
			defaultConfigurationIsVisible = 0;
			defaultConfigurationName = Release;
		};
		47D306B51BD10A1400D8B6E6 /* Build configuration list for PBXNativeTarget "Luck Meter" */ = {
			isa = XCConfigurationList;
			buildConfigurations = (
				47D306B61BD10A1400D8B6E6 /* Debug */,
				47D306B71BD10A1400D8B6E6 /* Release */,
			);
			defaultConfigurationIsVisible = 0;
			defaultConfigurationName = Release;
		};
		47D306B81BD10A1400D8B6E6 /* Build configuration list for PBXNativeTarget "Luck MeterTests" */ = {
			isa = XCConfigurationList;
			buildConfigurations = (
				47D306B91BD10A1400D8B6E6 /* Debug */,
				47D306BA1BD10A1400D8B6E6 /* Release */,
			);
			defaultConfigurationIsVisible = 0;
			defaultConfigurationName = Release;
		};
/* End XCConfigurationList section */

/* Begin XCVersionGroup section */
		47D306991BD10A1400D8B6E6 /* Luck_Meter.xcdatamodeld */ = {
			isa = XCVersionGroup;
			children = (
				47D3069A1BD10A1400D8B6E6 /* Luck_Meter.xcdatamodel */,
			);
			currentVersion = 47D3069A1BD10A1400D8B6E6 /* Luck_Meter.xcdatamodel */;
			path = Luck_Meter.xcdatamodeld;
			sourceTree = "<group>";
			versionGroupType = wrapper.xcdatamodel;
		};
/* End XCVersionGroup section */
	};
	rootObject = 47D306871BD10A1300D8B6E6 /* Project object */;
}
